hash: a78263d49216a19a2aab26e38a12ff8f0c6a3fcd0e9bfb3b9be233f550d12d4c
updated: 2017-06-20T19:58:51.829135+03:00
imports:
- name: github.com/gorilla/context
  version: 08b5f424b9271eedf6f9f0ce86cb9396ed337a42
- name: github.com/gorilla/handlers
  version: a4043c62cc2329bacda331d33fc908ab11ef0ec3
- name: github.com/gorilla/mux
  version: bcd8bc72b08df0f70df986b97f95590779502d31
- name: github.com/jinzhu/gorm
  version: eae7f6be603af3190e032fe3c4d465ddaf6ea3d4
  subpackages:
  - dialects/postgres
- name: github.com/jinzhu/inflection
  version: 1c35d901db3da928c72a72d8458480cc9ade058f
- name: github.com/lib/pq
  version: 8837942c3e09574accbc5f150e2c5e057189cace
  subpackages:
  - hstore
  - oid
- name: github.com/SermoDigital/jose
  version: 2bd9b81ac51d6d6134fcd4fd846bd2e7347a15f9
  subpackages:
  - crypto
  - jws
  - jwt
- name: github.com/wuman/firebase-server-sdk-go
  version: e95694472a4d7070a4ae36a8cd990daadeee81a6
testImports: []
