hash: 0387ead5d90421d50f865227c09b71dce97dbd736c50f3f7df94ab566ec877eb
updated: 2017-06-18T18:19:08.460462+03:00
imports:
- name: github.com/gocql/gocql
  version: ca7d33956650d92d29e6db7fe901e23d0f0e3359
  subpackages:
  - internal/lru
  - internal/murmur
  - internal/streams
- name: github.com/golang/snappy
  version: 553a641470496b2327abcac10b36396bd98e45c9
- name: github.com/gorilla/context
  version: 08b5f424b9271eedf6f9f0ce86cb9396ed337a42
- name: github.com/gorilla/mux
  version: bcd8bc72b08df0f70df986b97f95590779502d31
- name: github.com/hailocab/go-hostpool
  version: e80d13ce29ede4452c43dea11e79b9bc8a15b478
- name: github.com/SermoDigital/jose
  version: 2bd9b81ac51d6d6134fcd4fd846bd2e7347a15f9
  subpackages:
  - crypto
  - jws
  - jwt
- name: github.com/wuman/firebase-server-sdk-go
  version: e95694472a4d7070a4ae36a8cd990daadeee81a6
- name: gopkg.in/inf.v0
  version: 3887ee99ecf07df5b447e9b00d9c0b2adaa9f3e4
testImports: []
